// !$*UTF8*$!
{
	archiveVersion = 1;
	classes = {
	};
	objectVersion = 48;
	objects = {

/* Begin PBXBuildFile section */
		06FE6E831F137B3200E76193 /* AppDelegate.swift in Sources */ = {isa = PBXBuildFile; fileRef = 06FE6E821F137B3200E76193 /* AppDelegate.swift */; };
		06FE6E851F137B3200E76193 /* ViewController.swift in Sources */ = {isa = PBXBuildFile; fileRef = 06FE6E841F137B3200E76193 /* ViewController.swift */; };
		06FE6E881F137B3200E76193 /* Main.storyboard in Resources */ = {isa = PBXBuildFile; fileRef = 06FE6E861F137B3200E76193 /* Main.storyboard */; };
		06FE6E8A1F137B3200E76193 /* Assets.xcassets in Resources */ = {isa = PBXBuildFile; fileRef = 06FE6E891F137B3200E76193 /* Assets.xcassets */; };
		06FE6E8D1F137B3200E76193 /* LaunchScreen.storyboard in Resources */ = {isa = PBXBuildFile; fileRef = 06FE6E8B1F137B3200E76193 /* LaunchScreen.storyboard */; };
		06FE6E961F137B7F00E76193 /* Shaders.metal in Sources */ = {isa = PBXBuildFile; fileRef = 06FE6E951F137B7C00E76193 /* Shaders.metal */; };
		06FE6E981F137BD500E76193 /* MercurialPaint.swift in Sources */ = {isa = PBXBuildFile; fileRef = 06FE6E971F137BD500E76193 /* MercurialPaint.swift */; };
/* End PBXBuildFile section */

/* Begin PBXFileReference section */
		06FE6E7F1F137B3200E76193 /* DrawPaintDemo.app */ = {isa = PBXFileReference; explicitFileType = wrapper.application; includeInIndex = 0; path = DrawPaintDemo.app; sourceTree = BUILT_PRODUCTS_DIR; };
		06FE6E821F137B3200E76193 /* AppDelegate.swift */ = {isa = PBXFileReference; lastKnownFileType = sourcecode.swift; path = AppDelegate.swift; sourceTree = "<group>"; };
		06FE6E841F137B3200E76193 /* ViewController.swift */ = {isa = PBXFileReference; lastKnownFileType = sourcecode.swift; path = ViewController.swift; sourceTree = "<group>"; };
		06FE6E871F137B3200E76193 /* Base */ = {isa = PBXFileReference; lastKnownFileType = file.storyboard; name = Base; path = Base.lproj/Main.storyboard; sourceTree = "<group>"; };
		06FE6E891F137B3200E76193 /* Assets.xcassets */ = {isa = PBXFileReference; lastKnownFileType = folder.assetcatalog; path = Assets.xcassets; sourceTree = "<group>"; };
		06FE6E8C1F137B3200E76193 /* Base */ = {isa = PBXFileReference; lastKnownFileType = file.storyboard; name = Base; path = Base.lproj/LaunchScreen.storyboard; sourceTree = "<group>"; };
		06FE6E8E1F137B3200E76193 /* Info.plist */ = {isa = PBXFileReference; lastKnownFileType = text.plist.xml; path = Info.plist; sourceTree = "<group>"; };
		06FE6E951F137B7C00E76193 /* Shaders.metal */ = {isa = PBXFileReference; lastKnownFileType = sourcecode.metal; path = Shaders.metal; sourceTree = "<group>"; };
		06FE6E971F137BD500E76193 /* MercurialPaint.swift */ = {isa = PBXFileReference; lastKnownFileType = sourcecode.swift; path = MercurialPaint.swift; sourceTree = "<group>"; };
/* End PBXFileReference section */

/* Begin PBXFrameworksBuildPhase section */
		06FE6E7C1F137B3200E76193 /* Frameworks */ = {
			isa = PBXFrameworksBuildPhase;
			buildActionMask = 2147483647;
			files = (
			);
			runOnlyForDeploymentPostprocessing = 0;
		};
/* End PBXFrameworksBuildPhase section */

/* Begin PBXGroup section */
		06FE6E761F137B3200E76193 = {
			isa = PBXGroup;
			children = (
				06FE6E811F137B3200E76193 /* DrawPaintDemo */,
				06FE6E801F137B3200E76193 /* Products */,
			);
			sourceTree = "<group>";
		};
		06FE6E801F137B3200E76193 /* Products */ = {
			isa = PBXGroup;
			children = (
				06FE6E7F1F137B3200E76193 /* DrawPaintDemo.app */,
			);
			name = Products;
			sourceTree = "<group>";
		};
		06FE6E811F137B3200E76193 /* DrawPaintDemo */ = {
			isa = PBXGroup;
			children = (
				06FE6E941F137B7C00E76193 /* shaders */,
				06FE6E821F137B3200E76193 /* AppDelegate.swift */,
				06FE6E841F137B3200E76193 /* ViewController.swift */,
				06FE6E861F137B3200E76193 /* Main.storyboard */,
				06FE6E891F137B3200E76193 /* Assets.xcassets */,
				06FE6E8B1F137B3200E76193 /* LaunchScreen.storyboard */,
				06FE6E8E1F137B3200E76193 /* Info.plist */,
				06FE6E971F137BD500E76193 /* MercurialPaint.swift */,
			);
			path = DrawPaintDemo;
			sourceTree = "<group>";
		};
		06FE6E941F137B7C00E76193 /* shaders */ = {
			isa = PBXGroup;
			children = (
				06FE6E951F137B7C00E76193 /* Shaders.metal */,
			);
			path = shaders;
			sourceTree = "<group>";
		};
/* End PBXGroup section */

/* Begin PBXNativeTarget section */
		06FE6E7E1F137B3200E76193 /* DrawPaintDemo */ = {
			isa = PBXNativeTarget;
			buildConfigurationList = 06FE6E911F137B3200E76193 /* Build configuration list for PBXNativeTarget "DrawPaintDemo" */;
			buildPhases = (
				06FE6E7B1F137B3200E76193 /* Sources */,
				06FE6E7C1F137B3200E76193 /* Frameworks */,
				06FE6E7D1F137B3200E76193 /* Resources */,
			);
			buildRules = (
			);
			dependencies = (
			);
			name = DrawPaintDemo;
			productName = DrawPaintDemo;
			productReference = 06FE6E7F1F137B3200E76193 /* DrawPaintDemo.app */;
			productType = "com.apple.product-type.application";
		};
/* End PBXNativeTarget section */

/* Begin PBXProject section */
		06FE6E771F137B3200E76193 /* Project object */ = {
			isa = PBXProject;
			attributes = {
				LastSwiftUpdateCheck = 0900;
				LastUpgradeCheck = 0900;
				ORGANIZATIONNAME = liupeng;
				TargetAttributes = {
					06FE6E7E1F137B3200E76193 = {
						CreatedOnToolsVersion = 9.0;
					};
				};
			};
			buildConfigurationList = 06FE6E7A1F137B3200E76193 /* Build configuration list for PBXProject "DrawPaintDemo" */;
			compatibilityVersion = "Xcode 8.0";
			developmentRegion = en;
			hasScannedForEncodings = 0;
			knownRegions = (
				en,
				Base,
			);
			mainGroup = 06FE6E761F137B3200E76193;
			productRefGroup = 06FE6E801F137B3200E76193 /* Products */;
			projectDirPath = "";
			projectRoot = "";
			targets = (
				06FE6E7E1F137B3200E76193 /* DrawPaintDemo */,
			);
		};
/* End PBXProject section */

/* Begin PBXResourcesBuildPhase section */
		06FE6E7D1F137B3200E76193 /* Resources */ = {
			isa = PBXResourcesBuildPhase;
			buildActionMask = 2147483647;
			files = (
				06FE6E8D1F137B3200E76193 /* LaunchScreen.storyboard in Resources */,
				06FE6E8A1F137B3200E76193 /* Assets.xcassets in Resources */,
				06FE6E881F137B3200E76193 /* Main.storyboard in Resources */,
			);
			runOnlyForDeploymentPostprocessing = 0;
		};
/* End PBXResourcesBuildPhase section */

/* Begin PBXSourcesBuildPhase section */
		06FE6E7B1F137B3200E76193 /* Sources */ = {
			isa = PBXSourcesBuildPhase;
			buildActionMask = 2147483647;
			files = (
				06FE6E961F137B7F00E76193 /* Shaders.metal in Sources */,
				06FE6E851F137B3200E76193 /* ViewController.swift in Sources */,
				06FE6E831F137B3200E76193 /* AppDelegate.swift in Sources */,
				06FE6E981F137BD500E76193 /* MercurialPaint.swift in Sources */,
			);
			runOnlyForDeploymentPostprocessing = 0;
		};
/* End PBXSourcesBuildPhase section */

/* Begin PBXVariantGroup section */
		06FE6E861F137B3200E76193 /* Main.storyboard */ = {
			isa = PBXVariantGroup;
			children = (
				06FE6E871F137B3200E76193 /* Base */,
			);
			name = Main.storyboard;
			sourceTree = "<group>";
		};
		06FE6E8B1F137B3200E76193 /* LaunchScreen.storyboard */ = {
			isa = PBXVariantGroup;
			children = (
				06FE6E8C1F137B3200E76193 /* Base */,
			);
			name = LaunchScreen.storyboard;
			sourceTree = "<group>";
		};
/* End PBXVariantGroup section */

/* Begin XCBuildConfiguration section */
		06FE6E8F1F137B3200E76193 /* Debug */ = {
			isa = XCBuildConfiguration;
			buildSettings = {
				ALWAYS_SEARCH_USER_PATHS = NO;
				CLANG_ANALYZER_NONNULL = YES;
				CLANG_ANALYZER_NUMBER_OBJECT_CONVERSION = YES_AGGRESSIVE;
				CLANG_CXX_LANGUAGE_STANDARD = "gnu++14";
				CLANG_CXX_LIBRARY = "libc++";
				CLANG_ENABLE_MODULES = YES;
				CLANG_ENABLE_OBJC_ARC = YES;
				CLANG_WARN_BLOCK_CAPTURE_AUTORELEASING = YES;
				CLANG_WARN_BOOL_CONVERSION = YES;
				CLANG_WARN_COMMA = YES;
				CLANG_WARN_CONSTANT_CONVERSION = YES;
				CLANG_WARN_DIRECT_OBJC_ISA_USAGE = YES_ERROR;
				CLANG_WARN_DOCUMENTATION_COMMENTS = YES;
				CLANG_WARN_EMPTY_BODY = YES;
				CLANG_WARN_ENUM_CONVERSION = YES;
				CLANG_WARN_INFINITE_RECURSION = YES;
				CLANG_WARN_INT_CONVERSION = YES;
				CLANG_WARN_OBJC_ROOT_CLASS = YES_ERROR;
				CLANG_WARN_RANGE_LOOP_ANALYSIS = YES;
				CLANG_WARN_STRICT_PROTOTYPES = YES;
				CLANG_WARN_SUSPICIOUS_MOVE = YES;
				CLANG_WARN_UNGUARDED_AVAILABILITY = YES_AGGRESSIVE;
				CLANG_WARN_UNREACHABLE_CODE = YES;
				CLANG_WARN__DUPLICATE_METHOD_MATCH = YES;
				CODE_SIGN_IDENTITY = "iPhone Developer";
				COPY_PHASE_STRIP = NO;
				DEBUG_INFORMATION_FORMAT = dwarf;
				ENABLE_STRICT_OBJC_MSGSEND = YES;
				ENABLE_TESTABILITY = YES;
				GCC_C_LANGUAGE_STANDARD = gnu11;
				GCC_DYNAMIC_NO_PIC = NO;
				GCC_NO_COMMON_BLOCKS = YES;
				GCC_OPTIMIZATION_LEVEL = 0;
				GCC_PREPROCESSOR_DEFINITIONS = (
					"DEBUG=1",
					"$(inherited)",
				);
				GCC_WARN_64_TO_32_BIT_CONVERSION = YES;
				GCC_WARN_ABOUT_RETURN_TYPE = YES_ERROR;
				GCC_WARN_UNDECLARED_SELECTOR = YES;
				GCC_WARN_UNINITIALIZED_AUTOS = YES_AGGRESSIVE;
				GCC_WARN_UNUSED_FUNCTION = YES;
				GCC_WARN_UNUSED_VARIABLE = YES;
				IPHONEOS_DEPLOYMENT_TARGET = 11.0;
				MTL_ENABLE_DEBUG_INFO = YES;
				ONLY_ACTIVE_ARCH = YES;
				SDKROOT = iphoneos;
				SWIFT_ACTIVE_COMPILATION_CONDITIONS = DEBUG;
				SWIFT_OPTIMIZATION_LEVEL = "-Onone";
			};
			name = Debug;
		};
		06FE6E901F137B3200E76193 /* Release */ = {
			isa = XCBuildConfiguration;
			buildSettings = {
				ALWAYS_SEARCH_USER_PATHS = NO;
				CLANG_ANALYZER_NONNULL = YES;
				CLANG_ANALYZER_NUMBER_OBJECT_CONVERSION = YES_AGGRESSIVE;
				CLANG_CXX_LANGUAGE_STANDARD = "gnu++14";
				CLANG_CXX_LIBRARY = "libc++";
				CLANG_ENABLE_MODULES = YES;
				CLANG_ENABLE_OBJC_ARC = YES;
				CLANG_WARN_BLOCK_CAPTURE_AUTORELEASING = YES;
				CLANG_WARN_BOOL_CONVERSION = YES;
				CLANG_WARN_COMMA = YES;
				CLANG_WARN_CONSTANT_CONVERSION = YES;
				CLANG_WARN_DIRECT_OBJC_ISA_USAGE = YES_ERROR;
				CLANG_WARN_DOCUMENTATION_COMMENTS = YES;
				CLANG_WARN_EMPTY_BODY = YES;
				CLANG_WARN_ENUM_CONVERSION = YES;
				CLANG_WARN_INFINITE_RECURSION = YES;
				CLANG_WARN_INT_CONVERSION = YES;
				CLANG_WARN_OBJC_ROOT_CLASS = YES_ERROR;
				CLANG_WARN_RANGE_LOOP_ANALYSIS = YES;
				CLANG_WARN_STRICT_PROTOTYPES = YES;
				CLANG_WARN_SUSPICIOUS_MOVE = YES;
				CLANG_WARN_UNGUARDED_AVAILABILITY = YES_AGGRESSIVE;
				CLANG_WARN_UNREACHABLE_CODE = YES;
				CLANG_WARN__DUPLICATE_METHOD_MATCH = YES;
				CODE_SIGN_IDENTITY = "iPhone Developer";
				COPY_PHASE_STRIP = NO;
				DEBUG_INFORMATION_FORMAT = "dwarf-with-dsym";
				ENABLE_NS_ASSERTIONS = NO;
				ENABLE_STRICT_OBJC_MSGSEND = YES;
				GCC_C_LANGUAGE_STANDARD = gnu11;
				GCC_NO_COMMON_BLOCKS = YES;
				GCC_WARN_64_TO_32_BIT_CONVERSION = YES;
				GCC_WARN_ABOUT_RETURN_TYPE = YES_ERROR;
				GCC_WARN_UNDECLARED_SELECTOR = YES;
				GCC_WARN_UNINITIALIZED_AUTOS = YES_AGGRESSIVE;
				GCC_WARN_UNUSED_FUNCTION = YES;
				GCC_WARN_UNUSED_VARIABLE = YES;
				IPHONEOS_DEPLOYMENT_TARGET = 11.0;
				MTL_ENABLE_DEBUG_INFO = NO;
				SDKROOT = iphoneos;
				SWIFT_OPTIMIZATION_LEVEL = "-Owholemodule";
				VALIDATE_PRODUCT = YES;
			};
			name = Release;
		};
		06FE6E921F137B3200E76193 /* Debug */ = {
			isa = XCBuildConfiguration;
			buildSettings = {
				ASSETCATALOG_COMPILER_APPICON_NAME = AppIcon;
				DEVELOPMENT_TEAM = AZLC64ELV9;
				INFOPLIST_FILE = DrawPaintDemo/Info.plist;
				LD_RUNPATH_SEARCH_PATHS = "$(inherited) @executable_path/Frameworks";
				PRODUCT_BUNDLE_IDENTIFIER = com.liupeng.mobile.DrawPaintDemo;
				PRODUCT_NAME = "$(TARGET_NAME)";
				SWIFT_VERSION = 4.0;
				TARGETED_DEVICE_FAMILY = "1,2";
			};
			name = Debug;
		};
		06FE6E931F137B3200E76193 /* Release */ = {
			isa = XCBuildConfiguration;
			buildSettings = {
				ASSETCATALOG_COMPILER_APPICON_NAME = AppIcon;
				DEVELOPMENT_TEAM = AZLC64ELV9;
				INFOPLIST_FILE = DrawPaintDemo/Info.plist;
				LD_RUNPATH_SEARCH_PATHS = "$(inherited) @executable_path/Frameworks";
				PRODUCT_BUNDLE_IDENTIFIER = com.liupeng.mobile.DrawPaintDemo;
				PRODUCT_NAME = "$(TARGET_NAME)";
				SWIFT_VERSION = 4.0;
				TARGETED_DEVICE_FAMILY = "1,2";
			};
			name = Release;
		};
/* End XCBuildConfiguration section */

/* Begin XCConfigurationList section */
		06FE6E7A1F137B3200E76193 /* Build configuration list for PBXProject "DrawPaintDemo" */ = {
			isa = XCConfigurationList;
			buildConfigurations = (
				06FE6E8F1F137B3200E76193 /* Debug */,
				06FE6E901F137B3200E76193 /* Release */,
			);
			defaultConfigurationIsVisible = 0;
			defaultConfigurationName = Release;
		};
		06FE6E911F137B3200E76193 /* Build configuration list for PBXNativeTarget "DrawPaintDemo" */ = {
			isa = XCConfigurationList;
			buildConfigurations = (
				06FE6E921F137B3200E76193 /* Debug */,
				06FE6E931F137B3200E76193 /* Release */,
			);
			defaultConfigurationIsVisible = 0;
		};
/* End XCConfigurationList section */
	};
	rootObject = 06FE6E771F137B3200E76193 /* Project object */;
}
